
Microsoft Visual Studio Solution File, Format Version 12.00
# Visual Studio 2013
VisualStudioVersion = 12.0.30723.0
MinimumVisualStudioVersion = 10.0.40219.1
Project("{FAE04EC0-301F-11D3-BF4B-00C04F79EFBC}") = "Kernel", "Kernel\Kernel.csproj", "{A785BBFB-CD6C-48B7-8BEA-DC241ACB6D70}"
EndProject
Project("{FAE04EC0-301F-11D3-BF4B-00C04F79EFBC}") = "Messages", "Messages\Messages.csproj", "{1DC4BCD0-8E6B-4657-AD7C-2E1E01E3EB34}"
EndProject
Project("{FAE04EC0-301F-11D3-BF4B-00C04F79EFBC}") = "Common", "Common\Common.csproj", "{0330B333-D8B9-451E-B3B7-20DAF7A2FCD4}"
EndProject
Global
	GlobalSection(SolutionConfigurationPlatforms) = preSolution
		Debug|Any CPU = Debug|Any CPU
		Release|Any CPU = Release|Any CPU
	EndGlobalSection
	GlobalSection(ProjectConfigurationPlatforms) = postSolution
		{A785BBFB-CD6C-48B7-8BEA-DC241ACB6D70}.Debug|Any CPU.ActiveCfg = Debug|Any CPU
		{A785BBFB-CD6C-48B7-8BEA-DC241ACB6D70}.Debug|Any CPU.Build.0 = Debug|Any CPU
		{A785BBFB-CD6C-48B7-8BEA-DC241ACB6D70}.Release|Any CPU.ActiveCfg = Release|Any CPU
		{A785BBFB-CD6C-48B7-8BEA-DC241ACB6D70}.Release|Any CPU.Build.0 = Release|Any CPU
		{1DC4BCD0-8E6B-4657-AD7C-2E1E01E3EB34}.Debug|Any CPU.ActiveCfg = Debug|Any CPU
		{1DC4BCD0-8E6B-4657-AD7C-2E1E01E3EB34}.Debug|Any CPU.Build.0 = Debug|Any CPU
		{1DC4BCD0-8E6B-4657-AD7C-2E1E01E3EB34}.Release|Any CPU.ActiveCfg = Release|Any CPU
		{1DC4BCD0-8E6B-4657-AD7C-2E1E01E3EB34}.Release|Any CPU.Build.0 = Release|Any CPU
		{0330B333-D8B9-451E-B3B7-20DAF7A2FCD4}.Debug|Any CPU.ActiveCfg = Debug|Any CPU
		{0330B333-D8B9-451E-B3B7-20DAF7A2FCD4}.Debug|Any CPU.Build.0 = Debug|Any CPU
		{0330B333-D8B9-451E-B3B7-20DAF7A2FCD4}.Release|Any CPU.ActiveCfg = Release|Any CPU
		{0330B333-D8B9-451E-B3B7-20DAF7A2FCD4}.Release|Any CPU.Build.0 = Release|Any CPU
	EndGlobalSection
	GlobalSection(SolutionProperties) = preSolution
		HideSolutionNode = FALSE
	EndGlobalSection
EndGlobal
